<?xml version="1.0" encoding="utf-8"?>
<Project ToolsVersion="4.0" xmlns="http://schemas.microsoft.com/developer/msbuild/2003">
  <ItemGroup>
    <Filter Include="Source Files">
      <UniqueIdentifier>{4FC737F1-C7A5-4376-A066-2A32D752A2FF}</UniqueIdentifier>
      <Extensions>cpp;c;cc;cxx;def;odl;idl;hpj;bat;asm;asmx</Extensions>
    </Filter>
    <Filter Include="Header Files">
      <UniqueIdentifier>{93995380-89BD-4b04-88EB-625FBE52EBFB}</UniqueIdentifier>
      <Extensions>h;hh;hpp;hxx;hm;inl;inc;xsd</Extensions>
    </Filter>
    <Filter Include="Resource Files">
      <UniqueIdentifier>{67DA6AB6-F800-4c08-8B7A-83BB121AAD01}</UniqueIdentifier>
      <Extensions>rc;ico;cur;bmp;dlg;rc2;rct;bin;rgs;gif;jpg;jpeg;jpe;resx;tiff;tif;png;wav;mfcribbon-ms</Extensions>
    </Filter>
    <Filter Include="Header Files\Core">
      <UniqueIdentifier>{ffcf6612-0985-456a-89df-1e9b7bebe2c8}</UniqueIdentifier>
    </Filter>
    <Filter Include="Source Files\Core">
      <UniqueIdentifier>{c00f0be7-74a6-4444-aad5-5c13dfa0bea1}</UniqueIdentifier>
    </Filter>
    <Filter Include="Source Files\States">
      <UniqueIdentifier>{2a87d4a5-8057-44a1-9c7d-c919690397f4}</UniqueIdentifier>
    </Filter>
    <Filter Include="Header Files\States">
      <UniqueIdentifier>{3a961682-2314-4e73-952e-525de9c61cff}</UniqueIdentifier>
    </Filter>
    <Filter Include="Header Files\RayTracer">
      <UniqueIdentifier>{0a99109e-e4d1-4cb7-b166-dab073ea0824}</UniqueIdentifier>
    </Filter>
    <Filter Include="Source Files\RayTracer">
      <UniqueIdentifier>{261aee5d-2827-4bc6-ad07-1ba812a8751a}</UniqueIdentifier>
    </Filter>
  </ItemGroup>
  <ItemGroup>
    <ClCompile Include="main.cpp">
      <Filter>Source Files</Filter>
    </ClCompile>
    <ClCompile Include="RayTracer\Ray.cpp">
      <Filter>Source Files\RayTracer</Filter>
    </ClCompile>
    <ClCompile Include="RayTracer\Triangle.cpp">
      <Filter>Source Files\RayTracer</Filter>
    </ClCompile>
    <ClCompile Include="Core\Audio.cpp">
      <Filter>Source Files\Core</Filter>
    </ClCompile>
    <ClCompile Include="Core\Music.cpp">
      <Filter>Source Files\Core</Filter>
    </ClCompile>
    <ClCompile Include="Core\Text.cpp">
      <Filter>Source Files\Core</Filter>
    </ClCompile>
    <ClCompile Include="Core\Texture.cpp">
      <Filter>Source Files\Core</Filter>
    </ClCompile>
    <ClCompile Include="Core\Timer.cpp">
      <Filter>Source Files\Core</Filter>
    </ClCompile>
    <ClCompile Include="Core\Utilities.cpp">
      <Filter>Source Files\Core</Filter>
    </ClCompile>
    <ClCompile Include="States\MainState.cpp">
      <Filter>Source Files\States</Filter>
    </ClCompile>
    <ClCompile Include="States\Splash.cpp">
      <Filter>Source Files\States</Filter>
    </ClCompile>
    <ClCompile Include="States\State.cpp">
      <Filter>Source Files\States</Filter>
    </ClCompile>
    <ClCompile Include="States\StateManager.cpp">
      <Filter>Source Files\States</Filter>
    </ClCompile>
    <ClCompile Include="RayTracer\Sphere.cpp">
      <Filter>Source Files\RayTracer</Filter>
    </ClCompile>
    <ClCompile Include="Core\PerformanceTest.cpp">
      <Filter>Source Files\Core</Filter>
    </ClCompile>
    <ClCompile Include="RayTracer\RayTracer.cpp">
      <Filter>Source Files\RayTracer</Filter>
    </ClCompile>
  </ItemGroup>
  <ItemGroup>
    <ClInclude Include="RayTracer\Ray.h">
      <Filter>Header Files\RayTracer</Filter>
    </ClInclude>
    <ClInclude Include="RayTracer\Triangle.h">
      <Filter>Header Files\RayTracer</Filter>
    </ClInclude>
    <ClInclude Include="Core\Audio.h">
      <Filter>Header Files\Core</Filter>
    </ClInclude>
    <ClInclude Include="Core\Music.h">
      <Filter>Header Files\Core</Filter>
    </ClInclude>
    <ClInclude Include="Core\Text.h">
      <Filter>Header Files\Core</Filter>
    </ClInclude>
    <ClInclude Include="Core\Texture.h">
      <Filter>Header Files\Core</Filter>
    </ClInclude>
    <ClInclude Include="Core\Timer.h">
      <Filter>Header Files\Core</Filter>
    </ClInclude>
    <ClInclude Include="Core\Utilities.h">
      <Filter>Header Files\Core</Filter>
    </ClInclude>
    <ClInclude Include="States\Splash.h">
      <Filter>Header Files\States</Filter>
    </ClInclude>
    <ClInclude Include="States\MainState.h">
      <Filter>Header Files\States</Filter>
    </ClInclude>
    <ClInclude Include="States\State.h">
      <Filter>Header Files\States</Filter>
    </ClInclude>
    <ClInclude Include="States\StateManager.h">
      <Filter>Header Files\States</Filter>
    </ClInclude>
    <ClInclude Include="RayTracer\Sphere.h">
      <Filter>Header Files\RayTracer</Filter>
    </ClInclude>
    <ClInclude Include="Core\PerformanceTest.h">
      <Filter>Header Files\Core</Filter>
    </ClInclude>
    <ClInclude Include="RayTracer\RayTracer.h">
      <Filter>Header Files\RayTracer</Filter>
    </ClInclude>
  </ItemGroup>
</Project>